
Microsoft Visual Studio Solution File, Format Version 12.00
# Visual Studio Version 16
VisualStudioVersion = 16.0.28922.388
MinimumVisualStudioVersion = 10.0.40219.1
Project("{FAE04EC0-301F-11D3-BF4B-00C04F79EFBC}") = "nu", "nu\nu.csproj", "{2592B44D-4CAD-4CB1-9E08-50A6CA797A14}"
EndProject
Global
	GlobalSection(SolutionConfigurationPlatforms) = preSolution
		Debug|Any CPU = Debug|Any CPU
		Release|Any CPU = Release|Any CPU
	EndGlobalSection
	GlobalSection(ProjectConfigurationPlatforms) = postSolution
		{2592B44D-4CAD-4CB1-9E08-50A6CA797A14}.Debug|Any CPU.ActiveCfg = Debug|Any CPU
		{2592B44D-4CAD-4CB1-9E08-50A6CA797A14}.Debug|Any CPU.Build.0 = Debug|Any CPU
		{2592B44D-4CAD-4CB1-9E08-50A6CA797A14}.Release|Any CPU.ActiveCfg = Release|Any CPU
		{2592B44D-4CAD-4CB1-9E08-50A6CA797A14}.Release|Any CPU.Build.0 = Release|Any CPU
	EndGlobalSection
	GlobalSection(SolutionProperties) = preSolution
		HideSolutionNode = FALSE
	EndGlobalSection
	GlobalSection(ExtensibilityGlobals) = postSolution
		SolutionGuid = {61F6EBBC-246D-4D1C-AC1B-5157B5C8A79C}
	EndGlobalSection
EndGlobal
