
Microsoft Visual Studio Solution File, Format Version 12.00
# Visual Studio Version 16
VisualStudioVersion = 16.0.28922.388
MinimumVisualStudioVersion = 10.0.40219.1
Project("{FAE04EC0-301F-11D3-BF4B-00C04F79EFBC}") = "nucleo", "nucleo\nucleo.csproj", "{8984DC24-3E43-43AA-ACDC-253503427859}"
EndProject
Global
	GlobalSection(SolutionConfigurationPlatforms) = preSolution
		Debug|Any CPU = Debug|Any CPU
		Release|Any CPU = Release|Any CPU
	EndGlobalSection
	GlobalSection(ProjectConfigurationPlatforms) = postSolution
		{8984DC24-3E43-43AA-ACDC-253503427859}.Debug|Any CPU.ActiveCfg = Debug|Any CPU
		{8984DC24-3E43-43AA-ACDC-253503427859}.Debug|Any CPU.Build.0 = Debug|Any CPU
		{8984DC24-3E43-43AA-ACDC-253503427859}.Release|Any CPU.ActiveCfg = Release|Any CPU
		{8984DC24-3E43-43AA-ACDC-253503427859}.Release|Any CPU.Build.0 = Release|Any CPU
	EndGlobalSection
	GlobalSection(SolutionProperties) = preSolution
		HideSolutionNode = FALSE
	EndGlobalSection
	GlobalSection(ExtensibilityGlobals) = postSolution
		SolutionGuid = {BF0C03BC-D4CC-41D3-BB44-67D92D9ED9BB}
	EndGlobalSection
EndGlobal
