
Microsoft Visual Studio Solution File, Format Version 12.00
# Visual Studio Version 16
VisualStudioVersion = 16.0.28922.388
MinimumVisualStudioVersion = 10.0.40219.1
Project("{FAE04EC0-301F-11D3-BF4B-00C04F79EFBC}") = "CARRO", "CARRO\CARRO.csproj", "{89DF1196-BD8E-4F2E-8B34-85070584A9AD}"
EndProject
Global
	GlobalSection(SolutionConfigurationPlatforms) = preSolution
		Debug|Any CPU = Debug|Any CPU
		Release|Any CPU = Release|Any CPU
	EndGlobalSection
	GlobalSection(ProjectConfigurationPlatforms) = postSolution
		{89DF1196-BD8E-4F2E-8B34-85070584A9AD}.Debug|Any CPU.ActiveCfg = Debug|Any CPU
		{89DF1196-BD8E-4F2E-8B34-85070584A9AD}.Debug|Any CPU.Build.0 = Debug|Any CPU
		{89DF1196-BD8E-4F2E-8B34-85070584A9AD}.Release|Any CPU.ActiveCfg = Release|Any CPU
		{89DF1196-BD8E-4F2E-8B34-85070584A9AD}.Release|Any CPU.Build.0 = Release|Any CPU
	EndGlobalSection
	GlobalSection(SolutionProperties) = preSolution
		HideSolutionNode = FALSE
	EndGlobalSection
	GlobalSection(ExtensibilityGlobals) = postSolution
		SolutionGuid = {A8536231-2F22-4C82-82BB-6AD3636DC5A3}
	EndGlobalSection
EndGlobal
